{
    "name": "@eqela/sympathy",
    "lockfileVersion": 2,
    "requires": true,
    "packages": {
        "": {
            "name": "@eqela/sympathy",
            "devDependencies": {
                "@eqela/slingdev": "3.4.0"
            }
        },
        "node_modules/@eqela/slingdev": {
            "version": "3.4.0",
            "resolved": "https://registry.npmjs.org/@eqela/slingdev/-/slingdev-3.4.0.tgz",
            "integrity": "sha512-0g5slZuNVA4ojnaLSU7rKqfs3GRQvb0AYyzMjdN0/mw+JYXEfAt7LoVne40RCGRzh7ptvTqcJKYaQR/7nLNXWA==",
            "dev": true,
            "bin": {
                "slingdev": "slingdev.js"
            }
        }
    },
    "dependencies": {
        "@eqela/slingdev": {
            "version": "3.4.0",
            "resolved": "https://registry.npmjs.org/@eqela/slingdev/-/slingdev-3.4.0.tgz",
            "integrity": "sha512-0g5slZuNVA4ojnaLSU7rKqfs3GRQvb0AYyzMjdN0/mw+JYXEfAt7LoVne40RCGRzh7ptvTqcJKYaQR/7nLNXWA==",
            "dev": true
        }
    }
}
